
Microsoft Visual Studio Solution File, Format Version 12.00
# Visual Studio Version 16
VisualStudioVersion = 16.0.30717.126
MinimumVisualStudioVersion = 10.0.40219.1
Project("{2150E333-8FDC-42A3-9474-1A3956D46DE8}") = "Projects", "Projects", "{4155E5D2-8A03-42FC-8C95-1610AC274D24}"
EndProject
Project("{2150E333-8FDC-42A3-9474-1A3956D46DE8}") = "Gateway", "Gateway", "{145E71BA-21E4-46D8-9A3C-AE2299484AAB}"
EndProject
Project("{2150E333-8FDC-42A3-9474-1A3956D46DE8}") = "Microservices", "Microservices", "{B50C8BC2-2392-47F0-86C2-C68F0BF5D9CE}"
EndProject
Project("{2150E333-8FDC-42A3-9474-1A3956D46DE8}") = "Account", "Account", "{9DBC958A-1284-4A64-AA37-93C9B2A4B6A5}"
EndProject
Project("{2150E333-8FDC-42A3-9474-1A3956D46DE8}") = "Deposit", "Deposit", "{81D5F10B-369C-452F-BEF4-546175169900}"
EndProject
Project("{2150E333-8FDC-42A3-9474-1A3956D46DE8}") = "History", "History", "{90775A6A-D904-4644-8B3E-5596BFE26097}"
EndProject
Project("{2150E333-8FDC-42A3-9474-1A3956D46DE8}") = "Notification", "Notification", "{D0BEE008-8BE6-491A-8A64-73D6119B117A}"
EndProject
Project("{2150E333-8FDC-42A3-9474-1A3956D46DE8}") = "Security", "Security", "{C2F8D642-674A-4F93-8D7D-47490B295BEA}"
EndProject
Project("{2150E333-8FDC-42A3-9474-1A3956D46DE8}") = "Withdrawal", "Withdrawal", "{7D819F1A-C514-4CF1-ABA0-72F839D47511}"
EndProject
Project("{9A19103F-16F7-4668-BE54-9A1E7A4F7556}") = "MS.AFORO255.Security", "MS.AFORO255.Security\MS.AFORO255.Security.csproj", "{658925F3-AF0D-470B-BBF8-F199A558EFF1}"
EndProject
Project("{9A19103F-16F7-4668-BE54-9A1E7A4F7556}") = "MS.AFORO255.Account", "MS.AFORO255.Account\MS.AFORO255.Account.csproj", "{AD92391D-AFA4-49FB-B69F-43287DC1D105}"
EndProject
Project("{9A19103F-16F7-4668-BE54-9A1E7A4F7556}") = "MS.AFORO255.Deposit", "MS.AFORO255.Deposit\MS.AFORO255.Deposit.csproj", "{FB63E0F7-A792-4A81-8206-4D0A52DFC5AB}"
EndProject
Project("{9A19103F-16F7-4668-BE54-9A1E7A4F7556}") = "MS.AFORO255.History", "MS.AFORO255.History\MS.AFORO255.History.csproj", "{7FDB6D9C-15CB-4B27-9FBF-5F41A7C0105B}"
EndProject
Project("{9A19103F-16F7-4668-BE54-9A1E7A4F7556}") = "MS.AFORO255.Notification", "MS.AFORO255.Notification\MS.AFORO255.Notification.csproj", "{3531EBAF-EA11-423F-939D-A49448C2A5F9}"
EndProject
Project("{9A19103F-16F7-4668-BE54-9A1E7A4F7556}") = "MS.AFORO255.Withdrawal", "MS.AFORO255.Withdrawal\MS.AFORO255.Withdrawal.csproj", "{DC3F0A80-3C6E-411D-919D-7309ECAC8668}"
EndProject
Project("{FAE04EC0-301F-11D3-BF4B-00C04F79EFBC}") = "MS.AFORO255.Gateway", "MS.AFORO255.Gateway\MS.AFORO255.Gateway.csproj", "{30E7C9F1-21EF-4E2F-8613-25D77A95948B}"
EndProject
Global
	GlobalSection(SolutionConfigurationPlatforms) = preSolution
		Debug|Any CPU = Debug|Any CPU
		Release|Any CPU = Release|Any CPU
	EndGlobalSection
	GlobalSection(ProjectConfigurationPlatforms) = postSolution
		{658925F3-AF0D-470B-BBF8-F199A558EFF1}.Debug|Any CPU.ActiveCfg = Debug|Any CPU
		{658925F3-AF0D-470B-BBF8-F199A558EFF1}.Debug|Any CPU.Build.0 = Debug|Any CPU
		{658925F3-AF0D-470B-BBF8-F199A558EFF1}.Release|Any CPU.ActiveCfg = Release|Any CPU
		{658925F3-AF0D-470B-BBF8-F199A558EFF1}.Release|Any CPU.Build.0 = Release|Any CPU
		{AD92391D-AFA4-49FB-B69F-43287DC1D105}.Debug|Any CPU.ActiveCfg = Debug|Any CPU
		{AD92391D-AFA4-49FB-B69F-43287DC1D105}.Debug|Any CPU.Build.0 = Debug|Any CPU
		{AD92391D-AFA4-49FB-B69F-43287DC1D105}.Release|Any CPU.ActiveCfg = Release|Any CPU
		{AD92391D-AFA4-49FB-B69F-43287DC1D105}.Release|Any CPU.Build.0 = Release|Any CPU
		{FB63E0F7-A792-4A81-8206-4D0A52DFC5AB}.Debug|Any CPU.ActiveCfg = Debug|Any CPU
		{FB63E0F7-A792-4A81-8206-4D0A52DFC5AB}.Debug|Any CPU.Build.0 = Debug|Any CPU
		{FB63E0F7-A792-4A81-8206-4D0A52DFC5AB}.Release|Any CPU.ActiveCfg = Release|Any CPU
		{FB63E0F7-A792-4A81-8206-4D0A52DFC5AB}.Release|Any CPU.Build.0 = Release|Any CPU
		{7FDB6D9C-15CB-4B27-9FBF-5F41A7C0105B}.Debug|Any CPU.ActiveCfg = Debug|Any CPU
		{7FDB6D9C-15CB-4B27-9FBF-5F41A7C0105B}.Debug|Any CPU.Build.0 = Debug|Any CPU
		{7FDB6D9C-15CB-4B27-9FBF-5F41A7C0105B}.Release|Any CPU.ActiveCfg = Release|Any CPU
		{7FDB6D9C-15CB-4B27-9FBF-5F41A7C0105B}.Release|Any CPU.Build.0 = Release|Any CPU
		{3531EBAF-EA11-423F-939D-A49448C2A5F9}.Debug|Any CPU.ActiveCfg = Debug|Any CPU
		{3531EBAF-EA11-423F-939D-A49448C2A5F9}.Debug|Any CPU.Build.0 = Debug|Any CPU
		{3531EBAF-EA11-423F-939D-A49448C2A5F9}.Release|Any CPU.ActiveCfg = Release|Any CPU
		{3531EBAF-EA11-423F-939D-A49448C2A5F9}.Release|Any CPU.Build.0 = Release|Any CPU
		{DC3F0A80-3C6E-411D-919D-7309ECAC8668}.Debug|Any CPU.ActiveCfg = Debug|Any CPU
		{DC3F0A80-3C6E-411D-919D-7309ECAC8668}.Debug|Any CPU.Build.0 = Debug|Any CPU
		{DC3F0A80-3C6E-411D-919D-7309ECAC8668}.Release|Any CPU.ActiveCfg = Release|Any CPU
		{DC3F0A80-3C6E-411D-919D-7309ECAC8668}.Release|Any CPU.Build.0 = Release|Any CPU
		{30E7C9F1-21EF-4E2F-8613-25D77A95948B}.Debug|Any CPU.ActiveCfg = Debug|Any CPU
		{30E7C9F1-21EF-4E2F-8613-25D77A95948B}.Debug|Any CPU.Build.0 = Debug|Any CPU
		{30E7C9F1-21EF-4E2F-8613-25D77A95948B}.Release|Any CPU.ActiveCfg = Release|Any CPU
		{30E7C9F1-21EF-4E2F-8613-25D77A95948B}.Release|Any CPU.Build.0 = Release|Any CPU
	EndGlobalSection
	GlobalSection(SolutionProperties) = preSolution
		HideSolutionNode = FALSE
	EndGlobalSection
	GlobalSection(NestedProjects) = preSolution
		{145E71BA-21E4-46D8-9A3C-AE2299484AAB} = {4155E5D2-8A03-42FC-8C95-1610AC274D24}
		{B50C8BC2-2392-47F0-86C2-C68F0BF5D9CE} = {4155E5D2-8A03-42FC-8C95-1610AC274D24}
		{9DBC958A-1284-4A64-AA37-93C9B2A4B6A5} = {B50C8BC2-2392-47F0-86C2-C68F0BF5D9CE}
		{81D5F10B-369C-452F-BEF4-546175169900} = {B50C8BC2-2392-47F0-86C2-C68F0BF5D9CE}
		{90775A6A-D904-4644-8B3E-5596BFE26097} = {B50C8BC2-2392-47F0-86C2-C68F0BF5D9CE}
		{D0BEE008-8BE6-491A-8A64-73D6119B117A} = {B50C8BC2-2392-47F0-86C2-C68F0BF5D9CE}
		{C2F8D642-674A-4F93-8D7D-47490B295BEA} = {B50C8BC2-2392-47F0-86C2-C68F0BF5D9CE}
		{7D819F1A-C514-4CF1-ABA0-72F839D47511} = {B50C8BC2-2392-47F0-86C2-C68F0BF5D9CE}
		{658925F3-AF0D-470B-BBF8-F199A558EFF1} = {C2F8D642-674A-4F93-8D7D-47490B295BEA}
		{AD92391D-AFA4-49FB-B69F-43287DC1D105} = {9DBC958A-1284-4A64-AA37-93C9B2A4B6A5}
		{FB63E0F7-A792-4A81-8206-4D0A52DFC5AB} = {81D5F10B-369C-452F-BEF4-546175169900}
		{7FDB6D9C-15CB-4B27-9FBF-5F41A7C0105B} = {90775A6A-D904-4644-8B3E-5596BFE26097}
		{3531EBAF-EA11-423F-939D-A49448C2A5F9} = {D0BEE008-8BE6-491A-8A64-73D6119B117A}
		{DC3F0A80-3C6E-411D-919D-7309ECAC8668} = {7D819F1A-C514-4CF1-ABA0-72F839D47511}
		{30E7C9F1-21EF-4E2F-8613-25D77A95948B} = {145E71BA-21E4-46D8-9A3C-AE2299484AAB}
	EndGlobalSection
	GlobalSection(ExtensibilityGlobals) = postSolution
		SolutionGuid = {07E3E435-18C4-4D13-ABAE-DE2C79E13E7A}
	EndGlobalSection
EndGlobal
